# THIS IS AN AUTOGENERATED FILE. DO NOT EDIT THIS FILE DIRECTLY.
# yarn lockfile v1


js-base64@^2.5.0:
  version "2.5.0"
  resolved "https://registry.yarnpkg.com/js-base64/-/js-base64-2.5.0.tgz#42255ba183ab67ce59a0dee640afdc00ab5ae93e"

miniprogram-slide-view@0.0.4:
  version "0.0.4"
  resolved "https://registry.yarnpkg.com/miniprogram-slide-view/-/miniprogram-slide-view-0.0.4.tgz#d048d2242ace31fc29de199b9a49a3335f6c132d"

moment@^2.23.0:
  version "2.23.0"
  resolved "https://registry.yarnpkg.com/moment/-/moment-2.23.0.tgz#759ea491ac97d54bac5ad776996e2a58cc1bc225"
